
Microsoft Visual Studio Solution File, Format Version 12.00
# Visual Studio Version 17
VisualStudioVersion = 17.4.33213.308
MinimumVisualStudioVersion = 10.0.40219.1
Project("{FAE04EC0-301F-11D3-BF4B-00C04F79EFBC}") = "malovanicko", "malovanicko\malovanicko.csproj", "{DF8C1018-2474-4366-BC71-2756AAF15034}"
EndProject
Global
	GlobalSection(SolutionConfigurationPlatforms) = preSolution
		Debug|Any CPU = Debug|Any CPU
		Release|Any CPU = Release|Any CPU
	EndGlobalSection
	GlobalSection(ProjectConfigurationPlatforms) = postSolution
		{DF8C1018-2474-4366-BC71-2756AAF15034}.Debug|Any CPU.ActiveCfg = Debug|Any CPU
		{DF8C1018-2474-4366-BC71-2756AAF15034}.Debug|Any CPU.Build.0 = Debug|Any CPU
		{DF8C1018-2474-4366-BC71-2756AAF15034}.Release|Any CPU.ActiveCfg = Release|Any CPU
		{DF8C1018-2474-4366-BC71-2756AAF15034}.Release|Any CPU.Build.0 = Release|Any CPU
	EndGlobalSection
	GlobalSection(SolutionProperties) = preSolution
		HideSolutionNode = FALSE
	EndGlobalSection
	GlobalSection(ExtensibilityGlobals) = postSolution
		SolutionGuid = {46470EFF-F4D3-430B-89B7-5F9837A3FEB0}
	EndGlobalSection
EndGlobal
