
Microsoft Visual Studio Solution File, Format Version 12.00
# Visual Studio Version 17
VisualStudioVersion = 17.4.33213.308
MinimumVisualStudioVersion = 10.0.40219.1
Project("{FAE04EC0-301F-11D3-BF4B-00C04F79EFBC}") = "city_simulation_game", "city_simulation_game\city_simulation_game.csproj", "{9CC537B1-60AA-43F1-A6CF-06AC560886D4}"
EndProject
Global
	GlobalSection(SolutionConfigurationPlatforms) = preSolution
		Debug|Any CPU = Debug|Any CPU
		Release|Any CPU = Release|Any CPU
	EndGlobalSection
	GlobalSection(ProjectConfigurationPlatforms) = postSolution
		{9CC537B1-60AA-43F1-A6CF-06AC560886D4}.Debug|Any CPU.ActiveCfg = Debug|Any CPU
		{9CC537B1-60AA-43F1-A6CF-06AC560886D4}.Debug|Any CPU.Build.0 = Debug|Any CPU
		{9CC537B1-60AA-43F1-A6CF-06AC560886D4}.Release|Any CPU.ActiveCfg = Release|Any CPU
		{9CC537B1-60AA-43F1-A6CF-06AC560886D4}.Release|Any CPU.Build.0 = Release|Any CPU
	EndGlobalSection
	GlobalSection(SolutionProperties) = preSolution
		HideSolutionNode = FALSE
	EndGlobalSection
	GlobalSection(ExtensibilityGlobals) = postSolution
		SolutionGuid = {F8ED0D50-66F2-40FA-A62B-F4CBBCDABF22}
	EndGlobalSection
EndGlobal
